// !$*UTF8*$!
{
	archiveVersion = 1;
	classes = {
	};
	objectVersion = 46;
	objects = {

/* Begin PBXBuildFile section */
		E2A0DB8E1D5877A000320CC4 /* LEAlertController.swift in Sources */ = {isa = PBXBuildFile; fileRef = E2A0DB8D1D5877A000320CC4 /* LEAlertController.swift */; };
		E2A0DB991D587F4500320CC4 /* AppDelegate.swift in Sources */ = {isa = PBXBuildFile; fileRef = E2A0DB901D587F4500320CC4 /* AppDelegate.swift */; };
		E2A0DB9A1D587F4500320CC4 /* Assets.xcassets in Resources */ = {isa = PBXBuildFile; fileRef = E2A0DB911D587F4500320CC4 /* Assets.xcassets */; };
		E2A0DB9B1D587F4500320CC4 /* LaunchScreen.storyboard in Resources */ = {isa = PBXBuildFile; fileRef = E2A0DB921D587F4500320CC4 /* LaunchScreen.storyboard */; };
		E2A0DB9C1D587F4500320CC4 /* Main.storyboard in Resources */ = {isa = PBXBuildFile; fileRef = E2A0DB941D587F4500320CC4 /* Main.storyboard */; };
		E2A0DB9D1D587F4500320CC4 /* Info.plist in Resources */ = {isa = PBXBuildFile; fileRef = E2A0DB961D587F4500320CC4 /* Info.plist */; };
		E2A0DB9E1D587F4500320CC4 /* ViewController.swift in Sources */ = {isa = PBXBuildFile; fileRef = E2A0DB981D587F4500320CC4 /* ViewController.swift */; };
/* End PBXBuildFile section */

/* Begin PBXFileReference section */
		E263CB9A1D3A35A00024C495 /* LLAlertController.app */ = {isa = PBXFileReference; explicitFileType = wrapper.application; includeInIndex = 0; path = LLAlertController.app; sourceTree = BUILT_PRODUCTS_DIR; };
		E2A0DB8D1D5877A000320CC4 /* LEAlertController.swift */ = {isa = PBXFileReference; fileEncoding = 4; lastKnownFileType = sourcecode.swift; path = LEAlertController.swift; sourceTree = "<group>"; };
		E2A0DB901D587F4500320CC4 /* AppDelegate.swift */ = {isa = PBXFileReference; fileEncoding = 4; lastKnownFileType = sourcecode.swift; path = AppDelegate.swift; sourceTree = "<group>"; };
		E2A0DB911D587F4500320CC4 /* Assets.xcassets */ = {isa = PBXFileReference; lastKnownFileType = folder.assetcatalog; path = Assets.xcassets; sourceTree = "<group>"; };
		E2A0DB931D587F4500320CC4 /* Base */ = {isa = PBXFileReference; lastKnownFileType = file.storyboard; name = Base; path = Base.lproj/LaunchScreen.storyboard; sourceTree = "<group>"; };
		E2A0DB951D587F4500320CC4 /* Base */ = {isa = PBXFileReference; lastKnownFileType = file.storyboard; name = Base; path = Base.lproj/Main.storyboard; sourceTree = "<group>"; };
		E2A0DB961D587F4500320CC4 /* Info.plist */ = {isa = PBXFileReference; fileEncoding = 4; lastKnownFileType = text.plist.xml; path = Info.plist; sourceTree = "<group>"; };
		E2A0DB981D587F4500320CC4 /* ViewController.swift */ = {isa = PBXFileReference; fileEncoding = 4; lastKnownFileType = sourcecode.swift; path = ViewController.swift; sourceTree = "<group>"; };
/* End PBXFileReference section */

/* Begin PBXFrameworksBuildPhase section */
		E263CB971D3A35A00024C495 /* Frameworks */ = {
			isa = PBXFrameworksBuildPhase;
			buildActionMask = 2147483647;
			files = (
			);
			runOnlyForDeploymentPostprocessing = 0;
		};
/* End PBXFrameworksBuildPhase section */

/* Begin PBXGroup section */
		E263CB911D3A35A00024C495 = {
			isa = PBXGroup;
			children = (
				E2A0DB8F1D587F4500320CC4 /* LLAlertControllerDemo */,
				E2A0DB8C1D5877A000320CC4 /* Class */,
				E263CB9B1D3A35A00024C495 /* Products */,
			);
			sourceTree = "<group>";
		};
		E263CB9B1D3A35A00024C495 /* Products */ = {
			isa = PBXGroup;
			children = (
				E263CB9A1D3A35A00024C495 /* LLAlertController.app */,
			);
			name = Products;
			sourceTree = "<group>";
		};
		E2A0DB8C1D5877A000320CC4 /* Class */ = {
			isa = PBXGroup;
			children = (
				E2A0DB8D1D5877A000320CC4 /* LEAlertController.swift */,
			);
			path = Class;
			sourceTree = "<group>";
		};
		E2A0DB8F1D587F4500320CC4 /* LLAlertControllerDemo */ = {
			isa = PBXGroup;
			children = (
				E2A0DB901D587F4500320CC4 /* AppDelegate.swift */,
				E2A0DB911D587F4500320CC4 /* Assets.xcassets */,
				E2A0DB921D587F4500320CC4 /* LaunchScreen.storyboard */,
				E2A0DB941D587F4500320CC4 /* Main.storyboard */,
				E2A0DB961D587F4500320CC4 /* Info.plist */,
				E2A0DB981D587F4500320CC4 /* ViewController.swift */,
			);
			path = LLAlertControllerDemo;
			sourceTree = "<group>";
		};
/* End PBXGroup section */

/* Begin PBXNativeTarget section */
		E263CB991D3A35A00024C495 /* LLAlertController */ = {
			isa = PBXNativeTarget;
			buildConfigurationList = E263CBAC1D3A35A00024C495 /* Build configuration list for PBXNativeTarget "LLAlertController" */;
			buildPhases = (
				E263CB961D3A35A00024C495 /* Sources */,
				E263CB971D3A35A00024C495 /* Frameworks */,
				E263CB981D3A35A00024C495 /* Resources */,
			);
			buildRules = (
			);
			dependencies = (
			);
			name = LLAlertController;
			productName = keyAnimation;
			productReference = E263CB9A1D3A35A00024C495 /* LLAlertController.app */;
			productType = "com.apple.product-type.application";
		};
/* End PBXNativeTarget section */

/* Begin PBXProject section */
		E263CB921D3A35A00024C495 /* Project object */ = {
			isa = PBXProject;
			attributes = {
				LastSwiftUpdateCheck = 0730;
				LastUpgradeCheck = 0730;
				ORGANIZATIONNAME = tom;
				TargetAttributes = {
					E263CB991D3A35A00024C495 = {
						CreatedOnToolsVersion = 7.3.1;
					};
				};
			};
			buildConfigurationList = E263CB951D3A35A00024C495 /* Build configuration list for PBXProject "LLAlertController" */;
			compatibilityVersion = "Xcode 3.2";
			developmentRegion = English;
			hasScannedForEncodings = 0;
			knownRegions = (
				en,
				Base,
			);
			mainGroup = E263CB911D3A35A00024C495;
			productRefGroup = E263CB9B1D3A35A00024C495 /* Products */;
			projectDirPath = "";
			projectRoot = "";
			targets = (
				E263CB991D3A35A00024C495 /* LLAlertController */,
			);
		};
/* End PBXProject section */

/* Begin PBXResourcesBuildPhase section */
		E263CB981D3A35A00024C495 /* Resources */ = {
			isa = PBXResourcesBuildPhase;
			buildActionMask = 2147483647;
			files = (
				E2A0DB9D1D587F4500320CC4 /* Info.plist in Resources */,
				E2A0DB9C1D587F4500320CC4 /* Main.storyboard in Resources */,
				E2A0DB9A1D587F4500320CC4 /* Assets.xcassets in Resources */,
				E2A0DB9B1D587F4500320CC4 /* LaunchScreen.storyboard in Resources */,
			);
			runOnlyForDeploymentPostprocessing = 0;
		};
/* End PBXResourcesBuildPhase section */

/* Begin PBXSourcesBuildPhase section */
		E263CB961D3A35A00024C495 /* Sources */ = {
			isa = PBXSourcesBuildPhase;
			buildActionMask = 2147483647;
			files = (
				E2A0DB9E1D587F4500320CC4 /* ViewController.swift in Sources */,
				E2A0DB991D587F4500320CC4 /* AppDelegate.swift in Sources */,
				E2A0DB8E1D5877A000320CC4 /* LEAlertController.swift in Sources */,
			);
			runOnlyForDeploymentPostprocessing = 0;
		};
/* End PBXSourcesBuildPhase section */

/* Begin PBXVariantGroup section */
		E2A0DB921D587F4500320CC4 /* LaunchScreen.storyboard */ = {
			isa = PBXVariantGroup;
			children = (
				E2A0DB931D587F4500320CC4 /* Base */,
			);
			name = LaunchScreen.storyboard;
			sourceTree = "<group>";
		};
		E2A0DB941D587F4500320CC4 /* Main.storyboard */ = {
			isa = PBXVariantGroup;
			children = (
				E2A0DB951D587F4500320CC4 /* Base */,
			);
			name = Main.storyboard;
			sourceTree = "<group>";
		};
/* End PBXVariantGroup section */

/* Begin XCBuildConfiguration section */
		E263CBAA1D3A35A00024C495 /* Debug */ = {
			isa = XCBuildConfiguration;
			buildSettings = {
				ALWAYS_SEARCH_USER_PATHS = NO;
				CLANG_ANALYZER_NONNULL = YES;
				CLANG_CXX_LANGUAGE_STANDARD = "gnu++0x";
				CLANG_CXX_LIBRARY = "libc++";
				CLANG_ENABLE_MODULES = YES;
				CLANG_ENABLE_OBJC_ARC = YES;
				CLANG_WARN_BOOL_CONVERSION = YES;
				CLANG_WARN_CONSTANT_CONVERSION = YES;
				CLANG_WARN_DIRECT_OBJC_ISA_USAGE = YES_ERROR;
				CLANG_WARN_EMPTY_BODY = YES;
				CLANG_WARN_ENUM_CONVERSION = YES;
				CLANG_WARN_INT_CONVERSION = YES;
				CLANG_WARN_OBJC_ROOT_CLASS = YES_ERROR;
				CLANG_WARN_UNREACHABLE_CODE = YES;
				CLANG_WARN__DUPLICATE_METHOD_MATCH = YES;
				"CODE_SIGN_IDENTITY[sdk=iphoneos*]" = "iPhone Developer";
				COPY_PHASE_STRIP = NO;
				DEBUG_INFORMATION_FORMAT = dwarf;
				ENABLE_STRICT_OBJC_MSGSEND = YES;
				ENABLE_TESTABILITY = YES;
				GCC_C_LANGUAGE_STANDARD = gnu99;
				GCC_DYNAMIC_NO_PIC = NO;
				GCC_NO_COMMON_BLOCKS = YES;
				GCC_OPTIMIZATION_LEVEL = 0;
				GCC_PREPROCESSOR_DEFINITIONS = (
					"DEBUG=1",
					"$(inherited)",
				);
				GCC_WARN_64_TO_32_BIT_CONVERSION = YES;
				GCC_WARN_ABOUT_RETURN_TYPE = YES_ERROR;
				GCC_WARN_UNDECLARED_SELECTOR = YES;
				GCC_WARN_UNINITIALIZED_AUTOS = YES_AGGRESSIVE;
				GCC_WARN_UNUSED_FUNCTION = YES;
				GCC_WARN_UNUSED_VARIABLE = YES;
				IPHONEOS_DEPLOYMENT_TARGET = 9.3;
				MTL_ENABLE_DEBUG_INFO = YES;
				ONLY_ACTIVE_ARCH = YES;
				SDKROOT = iphoneos;
				SWIFT_OPTIMIZATION_LEVEL = "-Onone";
			};
			name = Debug;
		};
		E263CBAB1D3A35A00024C495 /* Release */ = {
			isa = XCBuildConfiguration;
			buildSettings = {
				ALWAYS_SEARCH_USER_PATHS = NO;
				CLANG_ANALYZER_NONNULL = YES;
				CLANG_CXX_LANGUAGE_STANDARD = "gnu++0x";
				CLANG_CXX_LIBRARY = "libc++";
				CLANG_ENABLE_MODULES = YES;
				CLANG_ENABLE_OBJC_ARC = YES;
				CLANG_WARN_BOOL_CONVERSION = YES;
				CLANG_WARN_CONSTANT_CONVERSION = YES;
				CLANG_WARN_DIRECT_OBJC_ISA_USAGE = YES_ERROR;
				CLANG_WARN_EMPTY_BODY = YES;
				CLANG_WARN_ENUM_CONVERSION = YES;
				CLANG_WARN_INT_CONVERSION = YES;
				CLANG_WARN_OBJC_ROOT_CLASS = YES_ERROR;
				CLANG_WARN_UNREACHABLE_CODE = YES;
				CLANG_WARN__DUPLICATE_METHOD_MATCH = YES;
				"CODE_SIGN_IDENTITY[sdk=iphoneos*]" = "iPhone Developer";
				COPY_PHASE_STRIP = NO;
				DEBUG_INFORMATION_FORMAT = "dwarf-with-dsym";
				ENABLE_NS_ASSERTIONS = NO;
				ENABLE_STRICT_OBJC_MSGSEND = YES;
				GCC_C_LANGUAGE_STANDARD = gnu99;
				GCC_NO_COMMON_BLOCKS = YES;
				GCC_WARN_64_TO_32_BIT_CONVERSION = YES;
				GCC_WARN_ABOUT_RETURN_TYPE = YES_ERROR;
				GCC_WARN_UNDECLARED_SELECTOR = YES;
				GCC_WARN_UNINITIALIZED_AUTOS = YES_AGGRESSIVE;
				GCC_WARN_UNUSED_FUNCTION = YES;
				GCC_WARN_UNUSED_VARIABLE = YES;
				IPHONEOS_DEPLOYMENT_TARGET = 9.3;
				MTL_ENABLE_DEBUG_INFO = NO;
				SDKROOT = iphoneos;
				VALIDATE_PRODUCT = YES;
			};
			name = Release;
		};
		E263CBAD1D3A35A00024C495 /* Debug */ = {
			isa = XCBuildConfiguration;
			buildSettings = {
				ASSETCATALOG_COMPILER_APPICON_NAME = AppIcon;
				CLANG_ENABLE_MODULES = YES;
				INFOPLIST_FILE = "$(SRCROOT)/LLAlertControllerDemo/Info.plist";
				IPHONEOS_DEPLOYMENT_TARGET = 7.0;
				LD_RUNPATH_SEARCH_PATHS = "$(inherited) @executable_path/Frameworks";
				PRODUCT_BUNDLE_IDENTIFIER = com.tsl.www.keyAnimation;
				PRODUCT_NAME = LLAlertController;
				SWIFT_OBJC_BRIDGING_HEADER = "";
				SWIFT_OPTIMIZATION_LEVEL = "-Onone";
			};
			name = Debug;
		};
		E263CBAE1D3A35A00024C495 /* Release */ = {
			isa = XCBuildConfiguration;
			buildSettings = {
				ASSETCATALOG_COMPILER_APPICON_NAME = AppIcon;
				CLANG_ENABLE_MODULES = YES;
				INFOPLIST_FILE = "$(SRCROOT)/LLAlertControllerDemo/Info.plist";
				IPHONEOS_DEPLOYMENT_TARGET = 7.0;
				LD_RUNPATH_SEARCH_PATHS = "$(inherited) @executable_path/Frameworks";
				PRODUCT_BUNDLE_IDENTIFIER = com.tsl.www.keyAnimation;
				PRODUCT_NAME = LLAlertController;
				SWIFT_OBJC_BRIDGING_HEADER = "";
			};
			name = Release;
		};
/* End XCBuildConfiguration section */

/* Begin XCConfigurationList section */
		E263CB951D3A35A00024C495 /* Build configuration list for PBXProject "LLAlertController" */ = {
			isa = XCConfigurationList;
			buildConfigurations = (
				E263CBAA1D3A35A00024C495 /* Debug */,
				E263CBAB1D3A35A00024C495 /* Release */,
			);
			defaultConfigurationIsVisible = 0;
			defaultConfigurationName = Release;
		};
		E263CBAC1D3A35A00024C495 /* Build configuration list for PBXNativeTarget "LLAlertController" */ = {
			isa = XCConfigurationList;
			buildConfigurations = (
				E263CBAD1D3A35A00024C495 /* Debug */,
				E263CBAE1D3A35A00024C495 /* Release */,
			);
			defaultConfigurationIsVisible = 0;
			defaultConfigurationName = Release;
		};
/* End XCConfigurationList section */
	};
	rootObject = E263CB921D3A35A00024C495 /* Project object */;
}
